
Microsoft Visual Studio Solution File, Format Version 12.00
# Visual Studio 14
VisualStudioVersion = 14.0.25420.1
MinimumVisualStudioVersion = 10.0.40219.1
Project("{FAE04EC0-301F-11D3-BF4B-00C04F79EFBC}") = "Entrainement", "Entrainement\Entrainement.csproj", "{2429F087-2BE6-4FB1-9E85-8959FA96235D}"
EndProject
Project("{FAE04EC0-301F-11D3-BF4B-00C04F79EFBC}") = "PGCD", "Exercice1\PGCD.csproj", "{F3EA753E-3716-4287-A462-397C065FA915}"
EndProject
Project("{FAE04EC0-301F-11D3-BF4B-00C04F79EFBC}") = "Prime Number", "Prime Number\Prime Number.csproj", "{3186BF37-B296-4D6B-ADB8-A95B618B54C1}"
EndProject
Project("{FAE04EC0-301F-11D3-BF4B-00C04F79EFBC}") = "Tri tableau", "Tri tableau\Tri tableau.csproj", "{C9573C7C-C5B0-4C0C-BD4B-3D4E25960B86}"
EndProject
Project("{FAE04EC0-301F-11D3-BF4B-00C04F79EFBC}") = "Compteur Voyelles Consoles", "Compteur Voyelles Consoles\Compteur Voyelles Consoles.csproj", "{2A831F34-8524-4792-B5B9-D7AC26EEC5C1}"
EndProject
Project("{FAE04EC0-301F-11D3-BF4B-00C04F79EFBC}") = "Login", "Login\Login.csproj", "{9CF73A8C-8D8F-49EB-B513-9A52FE13E987}"
EndProject
Project("{FAE04EC0-301F-11D3-BF4B-00C04F79EFBC}") = "Meteo", "Meteo\Meteo.csproj", "{303BA2C8-32F9-4C00-B077-6CA263FE862F}"
EndProject
Project("{FAE04EC0-301F-11D3-BF4B-00C04F79EFBC}") = "MachineCafé", "MachineCafe\MachineCafé.csproj", "{E038BF47-6779-4AF5-9386-A720B27704AF}"
EndProject
Project("{FAE04EC0-301F-11D3-BF4B-00C04F79EFBC}") = "Boites", "Boites\Boites.csproj", "{B852A97F-9153-4A74-97D3-45083C358E5A}"
EndProject
Project("{FAE04EC0-301F-11D3-BF4B-00C04F79EFBC}") = "Véhicules", "Véhicules\Véhicules.csproj", "{D34D61CA-732F-4C46-88A4-9376DAD52641}"
EndProject
Project("{FAE04EC0-301F-11D3-BF4B-00C04F79EFBC}") = "Tests", "Tests\Tests.csproj", "{9B0C8670-59DD-4A1A-A8CD-79D4A46E7C8D}"
EndProject
Project("{FAE04EC0-301F-11D3-BF4B-00C04F79EFBC}") = "Cryptages", "Cryptage\Cryptages.csproj", "{754A13FB-87FC-4142-AAFD-ED1027133D31}"
EndProject
Project("{FAE04EC0-301F-11D3-BF4B-00C04F79EFBC}") = "Statuts", "Statuts\Statuts.csproj", "{3EB1281F-6E03-4CF7-9AC0-C06A7372F78C}"
EndProject
Project("{FAE04EC0-301F-11D3-BF4B-00C04F79EFBC}") = "AnalyseurLINQ", "AnalyseurLINQ\AnalyseurLINQ.csproj", "{9916F720-16E6-4E5A-855A-73605E1C9765}"
EndProject
Project("{FAE04EC0-301F-11D3-BF4B-00C04F79EFBC}") = "JeuRoulette", "JeuRoulette\JeuRoulette.csproj", "{4A1EF109-34C5-4F3D-A300-2E15F584BFEE}"
EndProject
Project("{FAE04EC0-301F-11D3-BF4B-00C04F79EFBC}") = "POO", "POO\POO.csproj", "{2977BD2E-1C80-4FF8-98B5-E96187BCBFB1}"
EndProject
Project("{FAE04EC0-301F-11D3-BF4B-00C04F79EFBC}") = "JeuPendu", "JeuPendu\JeuPendu.csproj", "{884BD38C-D54C-4D83-840C-6DACBD64CB7A}"
EndProject
Project("{FAE04EC0-301F-11D3-BF4B-00C04F79EFBC}") = "ExplorateurFichiers", "ExplorateurFichiers\ExplorateurFichiers.csproj", "{A25E2FBE-0504-4282-B052-2F2F25E5F1FF}"
EndProject
Global
	GlobalSection(SolutionConfigurationPlatforms) = preSolution
		Debug|Any CPU = Debug|Any CPU
		Release|Any CPU = Release|Any CPU
	EndGlobalSection
	GlobalSection(ProjectConfigurationPlatforms) = postSolution
		{2429F087-2BE6-4FB1-9E85-8959FA96235D}.Debug|Any CPU.ActiveCfg = Debug|Any CPU
		{2429F087-2BE6-4FB1-9E85-8959FA96235D}.Debug|Any CPU.Build.0 = Debug|Any CPU
		{2429F087-2BE6-4FB1-9E85-8959FA96235D}.Release|Any CPU.ActiveCfg = Release|Any CPU
		{2429F087-2BE6-4FB1-9E85-8959FA96235D}.Release|Any CPU.Build.0 = Release|Any CPU
		{F3EA753E-3716-4287-A462-397C065FA915}.Debug|Any CPU.ActiveCfg = Debug|Any CPU
		{F3EA753E-3716-4287-A462-397C065FA915}.Debug|Any CPU.Build.0 = Debug|Any CPU
		{F3EA753E-3716-4287-A462-397C065FA915}.Release|Any CPU.ActiveCfg = Release|Any CPU
		{F3EA753E-3716-4287-A462-397C065FA915}.Release|Any CPU.Build.0 = Release|Any CPU
		{3186BF37-B296-4D6B-ADB8-A95B618B54C1}.Debug|Any CPU.ActiveCfg = Debug|Any CPU
		{3186BF37-B296-4D6B-ADB8-A95B618B54C1}.Debug|Any CPU.Build.0 = Debug|Any CPU
		{3186BF37-B296-4D6B-ADB8-A95B618B54C1}.Release|Any CPU.ActiveCfg = Release|Any CPU
		{3186BF37-B296-4D6B-ADB8-A95B618B54C1}.Release|Any CPU.Build.0 = Release|Any CPU
		{C9573C7C-C5B0-4C0C-BD4B-3D4E25960B86}.Debug|Any CPU.ActiveCfg = Debug|Any CPU
		{C9573C7C-C5B0-4C0C-BD4B-3D4E25960B86}.Debug|Any CPU.Build.0 = Debug|Any CPU
		{C9573C7C-C5B0-4C0C-BD4B-3D4E25960B86}.Release|Any CPU.ActiveCfg = Release|Any CPU
		{C9573C7C-C5B0-4C0C-BD4B-3D4E25960B86}.Release|Any CPU.Build.0 = Release|Any CPU
		{2A831F34-8524-4792-B5B9-D7AC26EEC5C1}.Debug|Any CPU.ActiveCfg = Debug|Any CPU
		{2A831F34-8524-4792-B5B9-D7AC26EEC5C1}.Debug|Any CPU.Build.0 = Debug|Any CPU
		{2A831F34-8524-4792-B5B9-D7AC26EEC5C1}.Release|Any CPU.ActiveCfg = Release|Any CPU
		{2A831F34-8524-4792-B5B9-D7AC26EEC5C1}.Release|Any CPU.Build.0 = Release|Any CPU
		{9CF73A8C-8D8F-49EB-B513-9A52FE13E987}.Debug|Any CPU.ActiveCfg = Debug|Any CPU
		{9CF73A8C-8D8F-49EB-B513-9A52FE13E987}.Debug|Any CPU.Build.0 = Debug|Any CPU
		{9CF73A8C-8D8F-49EB-B513-9A52FE13E987}.Release|Any CPU.ActiveCfg = Release|Any CPU
		{9CF73A8C-8D8F-49EB-B513-9A52FE13E987}.Release|Any CPU.Build.0 = Release|Any CPU
		{303BA2C8-32F9-4C00-B077-6CA263FE862F}.Debug|Any CPU.ActiveCfg = Debug|Any CPU
		{303BA2C8-32F9-4C00-B077-6CA263FE862F}.Debug|Any CPU.Build.0 = Debug|Any CPU
		{303BA2C8-32F9-4C00-B077-6CA263FE862F}.Release|Any CPU.ActiveCfg = Release|Any CPU
		{303BA2C8-32F9-4C00-B077-6CA263FE862F}.Release|Any CPU.Build.0 = Release|Any CPU
		{E038BF47-6779-4AF5-9386-A720B27704AF}.Debug|Any CPU.ActiveCfg = Debug|Any CPU
		{E038BF47-6779-4AF5-9386-A720B27704AF}.Debug|Any CPU.Build.0 = Debug|Any CPU
		{E038BF47-6779-4AF5-9386-A720B27704AF}.Release|Any CPU.ActiveCfg = Release|Any CPU
		{E038BF47-6779-4AF5-9386-A720B27704AF}.Release|Any CPU.Build.0 = Release|Any CPU
		{B852A97F-9153-4A74-97D3-45083C358E5A}.Debug|Any CPU.ActiveCfg = Debug|Any CPU
		{B852A97F-9153-4A74-97D3-45083C358E5A}.Debug|Any CPU.Build.0 = Debug|Any CPU
		{B852A97F-9153-4A74-97D3-45083C358E5A}.Release|Any CPU.ActiveCfg = Release|Any CPU
		{B852A97F-9153-4A74-97D3-45083C358E5A}.Release|Any CPU.Build.0 = Release|Any CPU
		{D34D61CA-732F-4C46-88A4-9376DAD52641}.Debug|Any CPU.ActiveCfg = Debug|Any CPU
		{D34D61CA-732F-4C46-88A4-9376DAD52641}.Debug|Any CPU.Build.0 = Debug|Any CPU
		{D34D61CA-732F-4C46-88A4-9376DAD52641}.Release|Any CPU.ActiveCfg = Release|Any CPU
		{D34D61CA-732F-4C46-88A4-9376DAD52641}.Release|Any CPU.Build.0 = Release|Any CPU
		{9B0C8670-59DD-4A1A-A8CD-79D4A46E7C8D}.Debug|Any CPU.ActiveCfg = Debug|Any CPU
		{9B0C8670-59DD-4A1A-A8CD-79D4A46E7C8D}.Debug|Any CPU.Build.0 = Debug|Any CPU
		{9B0C8670-59DD-4A1A-A8CD-79D4A46E7C8D}.Release|Any CPU.ActiveCfg = Release|Any CPU
		{9B0C8670-59DD-4A1A-A8CD-79D4A46E7C8D}.Release|Any CPU.Build.0 = Release|Any CPU
		{754A13FB-87FC-4142-AAFD-ED1027133D31}.Debug|Any CPU.ActiveCfg = Debug|Any CPU
		{754A13FB-87FC-4142-AAFD-ED1027133D31}.Debug|Any CPU.Build.0 = Debug|Any CPU
		{754A13FB-87FC-4142-AAFD-ED1027133D31}.Release|Any CPU.ActiveCfg = Release|Any CPU
		{754A13FB-87FC-4142-AAFD-ED1027133D31}.Release|Any CPU.Build.0 = Release|Any CPU
		{3EB1281F-6E03-4CF7-9AC0-C06A7372F78C}.Debug|Any CPU.ActiveCfg = Debug|Any CPU
		{3EB1281F-6E03-4CF7-9AC0-C06A7372F78C}.Debug|Any CPU.Build.0 = Debug|Any CPU
		{3EB1281F-6E03-4CF7-9AC0-C06A7372F78C}.Release|Any CPU.ActiveCfg = Release|Any CPU
		{3EB1281F-6E03-4CF7-9AC0-C06A7372F78C}.Release|Any CPU.Build.0 = Release|Any CPU
		{9916F720-16E6-4E5A-855A-73605E1C9765}.Debug|Any CPU.ActiveCfg = Debug|Any CPU
		{9916F720-16E6-4E5A-855A-73605E1C9765}.Debug|Any CPU.Build.0 = Debug|Any CPU
		{9916F720-16E6-4E5A-855A-73605E1C9765}.Release|Any CPU.ActiveCfg = Release|Any CPU
		{9916F720-16E6-4E5A-855A-73605E1C9765}.Release|Any CPU.Build.0 = Release|Any CPU
		{4A1EF109-34C5-4F3D-A300-2E15F584BFEE}.Debug|Any CPU.ActiveCfg = Debug|Any CPU
		{4A1EF109-34C5-4F3D-A300-2E15F584BFEE}.Debug|Any CPU.Build.0 = Debug|Any CPU
		{4A1EF109-34C5-4F3D-A300-2E15F584BFEE}.Release|Any CPU.ActiveCfg = Release|Any CPU
		{4A1EF109-34C5-4F3D-A300-2E15F584BFEE}.Release|Any CPU.Build.0 = Release|Any CPU
		{2977BD2E-1C80-4FF8-98B5-E96187BCBFB1}.Debug|Any CPU.ActiveCfg = Debug|Any CPU
		{2977BD2E-1C80-4FF8-98B5-E96187BCBFB1}.Debug|Any CPU.Build.0 = Debug|Any CPU
		{2977BD2E-1C80-4FF8-98B5-E96187BCBFB1}.Release|Any CPU.ActiveCfg = Release|Any CPU
		{2977BD2E-1C80-4FF8-98B5-E96187BCBFB1}.Release|Any CPU.Build.0 = Release|Any CPU
		{884BD38C-D54C-4D83-840C-6DACBD64CB7A}.Debug|Any CPU.ActiveCfg = Debug|Any CPU
		{884BD38C-D54C-4D83-840C-6DACBD64CB7A}.Debug|Any CPU.Build.0 = Debug|Any CPU
		{884BD38C-D54C-4D83-840C-6DACBD64CB7A}.Release|Any CPU.ActiveCfg = Release|Any CPU
		{884BD38C-D54C-4D83-840C-6DACBD64CB7A}.Release|Any CPU.Build.0 = Release|Any CPU
		{A25E2FBE-0504-4282-B052-2F2F25E5F1FF}.Debug|Any CPU.ActiveCfg = Debug|Any CPU
		{A25E2FBE-0504-4282-B052-2F2F25E5F1FF}.Debug|Any CPU.Build.0 = Debug|Any CPU
		{A25E2FBE-0504-4282-B052-2F2F25E5F1FF}.Release|Any CPU.ActiveCfg = Release|Any CPU
		{A25E2FBE-0504-4282-B052-2F2F25E5F1FF}.Release|Any CPU.Build.0 = Release|Any CPU
	EndGlobalSection
	GlobalSection(SolutionProperties) = preSolution
		HideSolutionNode = FALSE
	EndGlobalSection
EndGlobal
