
Microsoft Visual Studio Solution File, Format Version 12.00
# Visual Studio 14
VisualStudioVersion = 14.0.25420.1
MinimumVisualStudioVersion = 10.0.40219.1
Project("{FAE04EC0-301F-11D3-BF4B-00C04F79EFBC}") = "Entrainement", "Entrainement\Entrainement.csproj", "{9D04F5F8-7C50-41E6-82CD-7F6F50DC9F1B}"
EndProject
Project("{FAE04EC0-301F-11D3-BF4B-00C04F79EFBC}") = "ExplorateurFichiers", "ExplorateurFichiers\ExplorateurFichiers.csproj", "{5EDED75E-E9F7-4035-BC65-5A325B74E691}"
EndProject
Project("{FAE04EC0-301F-11D3-BF4B-00C04F79EFBC}") = "Trombinoscope", "Trombinoscope\Trombinoscope.csproj", "{D4614601-D4AA-4046-B233-84C59A289AC4}"
EndProject
Project("{FAE04EC0-301F-11D3-BF4B-00C04F79EFBC}") = "Paramétrage", "Paramétrage\Paramétrage.csproj", "{8BF585E1-E232-49EF-8ABC-DA34C4357225}"
EndProject
Project("{FAE04EC0-301F-11D3-BF4B-00C04F79EFBC}") = "SaisieTache", "SaisieTache\SaisieTache.csproj", "{4B690CA0-1200-4E46-9408-F30B3D2B0A27}"
EndProject
Project("{FAE04EC0-301F-11D3-BF4B-00C04F79EFBC}") = "SaisieTacheSansCours", "SaisieTacheSansCours\SaisieTacheSansCours.csproj", "{8BB8D45F-5CA2-4F70-A21B-C46684571159}"
EndProject
Project("{FAE04EC0-301F-11D3-BF4B-00C04F79EFBC}") = "RelevésMétéo", "RelevéMétéo\RelevésMétéo.csproj", "{2060CA9E-7949-4BE8-86E2-E933A11C1F61}"
EndProject
Project("{FAE04EC0-301F-11D3-BF4B-00C04F79EFBC}") = "ArchiMVVM", "ArchiMVVM\ArchiMVVM.csproj", "{4778860A-13EE-412F-A3B1-18653A450ACC}"
EndProject
Project("{FAE04EC0-301F-11D3-BF4B-00C04F79EFBC}") = "CollectionBD", "CollectionBD\CollectionBD.csproj", "{D5482AB3-DE5E-49E7-AE11-56C84E8A8320}"
EndProject
Project("{FAE04EC0-301F-11D3-BF4B-00C04F79EFBC}") = "SaisieTacheMVVM", "SaisieTacheMVVM\SaisieTacheMVVM.csproj", "{0B3A2589-667C-4F7E-9010-66FC44D16ADB}"
EndProject
Global
	GlobalSection(SolutionConfigurationPlatforms) = preSolution
		Debug|Any CPU = Debug|Any CPU
		Release|Any CPU = Release|Any CPU
	EndGlobalSection
	GlobalSection(ProjectConfigurationPlatforms) = postSolution
		{9D04F5F8-7C50-41E6-82CD-7F6F50DC9F1B}.Debug|Any CPU.ActiveCfg = Debug|Any CPU
		{9D04F5F8-7C50-41E6-82CD-7F6F50DC9F1B}.Debug|Any CPU.Build.0 = Debug|Any CPU
		{9D04F5F8-7C50-41E6-82CD-7F6F50DC9F1B}.Release|Any CPU.ActiveCfg = Release|Any CPU
		{9D04F5F8-7C50-41E6-82CD-7F6F50DC9F1B}.Release|Any CPU.Build.0 = Release|Any CPU
		{5EDED75E-E9F7-4035-BC65-5A325B74E691}.Debug|Any CPU.ActiveCfg = Debug|Any CPU
		{5EDED75E-E9F7-4035-BC65-5A325B74E691}.Debug|Any CPU.Build.0 = Debug|Any CPU
		{5EDED75E-E9F7-4035-BC65-5A325B74E691}.Release|Any CPU.ActiveCfg = Release|Any CPU
		{5EDED75E-E9F7-4035-BC65-5A325B74E691}.Release|Any CPU.Build.0 = Release|Any CPU
		{D4614601-D4AA-4046-B233-84C59A289AC4}.Debug|Any CPU.ActiveCfg = Debug|Any CPU
		{D4614601-D4AA-4046-B233-84C59A289AC4}.Debug|Any CPU.Build.0 = Debug|Any CPU
		{D4614601-D4AA-4046-B233-84C59A289AC4}.Release|Any CPU.ActiveCfg = Release|Any CPU
		{D4614601-D4AA-4046-B233-84C59A289AC4}.Release|Any CPU.Build.0 = Release|Any CPU
		{8BF585E1-E232-49EF-8ABC-DA34C4357225}.Debug|Any CPU.ActiveCfg = Debug|Any CPU
		{8BF585E1-E232-49EF-8ABC-DA34C4357225}.Debug|Any CPU.Build.0 = Debug|Any CPU
		{8BF585E1-E232-49EF-8ABC-DA34C4357225}.Release|Any CPU.ActiveCfg = Release|Any CPU
		{8BF585E1-E232-49EF-8ABC-DA34C4357225}.Release|Any CPU.Build.0 = Release|Any CPU
		{4B690CA0-1200-4E46-9408-F30B3D2B0A27}.Debug|Any CPU.ActiveCfg = Debug|Any CPU
		{4B690CA0-1200-4E46-9408-F30B3D2B0A27}.Debug|Any CPU.Build.0 = Debug|Any CPU
		{4B690CA0-1200-4E46-9408-F30B3D2B0A27}.Release|Any CPU.ActiveCfg = Release|Any CPU
		{4B690CA0-1200-4E46-9408-F30B3D2B0A27}.Release|Any CPU.Build.0 = Release|Any CPU
		{8BB8D45F-5CA2-4F70-A21B-C46684571159}.Debug|Any CPU.ActiveCfg = Debug|Any CPU
		{8BB8D45F-5CA2-4F70-A21B-C46684571159}.Debug|Any CPU.Build.0 = Debug|Any CPU
		{8BB8D45F-5CA2-4F70-A21B-C46684571159}.Release|Any CPU.ActiveCfg = Release|Any CPU
		{8BB8D45F-5CA2-4F70-A21B-C46684571159}.Release|Any CPU.Build.0 = Release|Any CPU
		{2060CA9E-7949-4BE8-86E2-E933A11C1F61}.Debug|Any CPU.ActiveCfg = Debug|Any CPU
		{2060CA9E-7949-4BE8-86E2-E933A11C1F61}.Debug|Any CPU.Build.0 = Debug|Any CPU
		{2060CA9E-7949-4BE8-86E2-E933A11C1F61}.Release|Any CPU.ActiveCfg = Release|Any CPU
		{2060CA9E-7949-4BE8-86E2-E933A11C1F61}.Release|Any CPU.Build.0 = Release|Any CPU
		{4778860A-13EE-412F-A3B1-18653A450ACC}.Debug|Any CPU.ActiveCfg = Debug|Any CPU
		{4778860A-13EE-412F-A3B1-18653A450ACC}.Debug|Any CPU.Build.0 = Debug|Any CPU
		{4778860A-13EE-412F-A3B1-18653A450ACC}.Release|Any CPU.ActiveCfg = Release|Any CPU
		{4778860A-13EE-412F-A3B1-18653A450ACC}.Release|Any CPU.Build.0 = Release|Any CPU
		{D5482AB3-DE5E-49E7-AE11-56C84E8A8320}.Debug|Any CPU.ActiveCfg = Debug|Any CPU
		{D5482AB3-DE5E-49E7-AE11-56C84E8A8320}.Debug|Any CPU.Build.0 = Debug|Any CPU
		{D5482AB3-DE5E-49E7-AE11-56C84E8A8320}.Release|Any CPU.ActiveCfg = Release|Any CPU
		{D5482AB3-DE5E-49E7-AE11-56C84E8A8320}.Release|Any CPU.Build.0 = Release|Any CPU
		{0B3A2589-667C-4F7E-9010-66FC44D16ADB}.Debug|Any CPU.ActiveCfg = Debug|Any CPU
		{0B3A2589-667C-4F7E-9010-66FC44D16ADB}.Debug|Any CPU.Build.0 = Debug|Any CPU
		{0B3A2589-667C-4F7E-9010-66FC44D16ADB}.Release|Any CPU.ActiveCfg = Release|Any CPU
		{0B3A2589-667C-4F7E-9010-66FC44D16ADB}.Release|Any CPU.Build.0 = Release|Any CPU
	EndGlobalSection
	GlobalSection(SolutionProperties) = preSolution
		HideSolutionNode = FALSE
	EndGlobalSection
EndGlobal
